// !$*UTF8*$!
{
	archiveVersion = 1;
	classes = {
	};
	objectVersion = 77;
	objects = {

/* Begin PBXBuildFile section */
		051180142D76A971005B867B /* TMTerminalView.swift in Sources */ = {isa = PBXBuildFile; fileRef = 051180132D76A971005B867B /* TMTerminalView.swift */; };
		051180152D76A971005B867B /* TMTerminalView.swift in Sources */ = {isa = PBXBuildFile; fileRef = 051180132D76A971005B867B /* TMTerminalView.swift */; };
		051180172D76AA88005B867B /* TMTerminalStorage.swift in Sources */ = {isa = PBXBuildFile; fileRef = 051180162D76AA88005B867B /* TMTerminalStorage.swift */; };
		051180182D76AA88005B867B /* TMTerminalStorage.swift in Sources */ = {isa = PBXBuildFile; fileRef = 051180162D76AA88005B867B /* TMTerminalStorage.swift */; };
		0511802F2D79F082005B867B /* MultiDataKit.xcframework in Frameworks */ = {isa = PBXBuildFile; fileRef = 05DF74A42D6F5CC3000EB93D /* MultiDataKit.xcframework */; };
		051180312D79F082005B867B /* MultiUIKit.xcframework in Frameworks */ = {isa = PBXBuildFile; fileRef = 05DF74A32D6F5CC3000EB93D /* MultiUIKit.xcframework */; };
		051180352D79F083005B867B /* TerminalKit.xcframework in Frameworks */ = {isa = PBXBuildFile; fileRef = 051180342D79F083005B867B /* TerminalKit.xcframework */; };
		05DF74712D6F5882000EB93D /* TMEscapeCode.swift in Sources */ = {isa = PBXBuildFile; fileRef = 05DF74702D6F5882000EB93D /* TMEscapeCode.swift */; };
		05DF74722D6F5882000EB93D /* TMEscapeCode.swift in Sources */ = {isa = PBXBuildFile; fileRef = 05DF74702D6F5882000EB93D /* TMEscapeCode.swift */; };
		05DF74A52D6F5CC3000EB93D /* MultiUIKit.xcframework in Frameworks */ = {isa = PBXBuildFile; fileRef = 05DF74A32D6F5CC3000EB93D /* MultiUIKit.xcframework */; };
		05DF74A72D6F5CC3000EB93D /* MultiDataKit.xcframework in Frameworks */ = {isa = PBXBuildFile; fileRef = 05DF74A42D6F5CC3000EB93D /* MultiDataKit.xcframework */; };
		05DF74AA2D6F5CE5000EB93D /* MultiDataKit.xcframework in Frameworks */ = {isa = PBXBuildFile; fileRef = 05DF74A42D6F5CC3000EB93D /* MultiDataKit.xcframework */; };
		05DF74AB2D6F5CE5000EB93D /* MultiDataKit.xcframework in Embed Frameworks */ = {isa = PBXBuildFile; fileRef = 05DF74A42D6F5CC3000EB93D /* MultiDataKit.xcframework */; settings = {ATTRIBUTES = (CodeSignOnCopy, RemoveHeadersOnCopy, ); }; };
		05DF74AC2D6F5CE5000EB93D /* MultiUIKit.xcframework in Frameworks */ = {isa = PBXBuildFile; fileRef = 05DF74A32D6F5CC3000EB93D /* MultiUIKit.xcframework */; };
		05DF74AD2D6F5CE5000EB93D /* MultiUIKit.xcframework in Embed Frameworks */ = {isa = PBXBuildFile; fileRef = 05DF74A32D6F5CC3000EB93D /* MultiUIKit.xcframework */; settings = {ATTRIBUTES = (CodeSignOnCopy, RemoveHeadersOnCopy, ); }; };
/* End PBXBuildFile section */

/* Begin PBXContainerItemProxy section */
		0511802C2D79EEA0005B867B /* PBXContainerItemProxy */ = {
			isa = PBXContainerItemProxy;
			containerPortal = 05D2424A2D6F576000E1D5FC /* Project object */;
			proxyType = 1;
			remoteGlobalIDString = 05DF74B32D6F5D60000EB93D;
			remoteInfo = Install;
		};
/* End PBXContainerItemProxy section */

/* Begin PBXCopyFilesBuildPhase section */
		05DF74AE2D6F5CE5000EB93D /* Embed Frameworks */ = {
			isa = PBXCopyFilesBuildPhase;
			buildActionMask = 2147483647;
			dstPath = "";
			dstSubfolderSpec = 10;
			files = (
				05DF74AD2D6F5CE5000EB93D /* MultiUIKit.xcframework in Embed Frameworks */,
				05DF74AB2D6F5CE5000EB93D /* MultiDataKit.xcframework in Embed Frameworks */,
			);
			name = "Embed Frameworks";
			runOnlyForDeploymentPostprocessing = 0;
		};
/* End PBXCopyFilesBuildPhase section */

/* Begin PBXFileReference section */
		051180132D76A971005B867B /* TMTerminalView.swift */ = {isa = PBXFileReference; lastKnownFileType = sourcecode.swift; path = TMTerminalView.swift; sourceTree = "<group>"; };
		051180162D76AA88005B867B /* TMTerminalStorage.swift */ = {isa = PBXFileReference; lastKnownFileType = sourcecode.swift; path = TMTerminalStorage.swift; sourceTree = "<group>"; };
		0511801D2D79EE90005B867B /* Terminal_macOS.app */ = {isa = PBXFileReference; explicitFileType = wrapper.application; includeInIndex = 0; path = Terminal_macOS.app; sourceTree = BUILT_PRODUCTS_DIR; };
		051180342D79F083005B867B /* TerminalKit.xcframework */ = {isa = PBXFileReference; lastKnownFileType = wrapper.xcframework; name = TerminalKit.xcframework; path = ../../../Library/Frameworks/TerminalKit.xcframework; sourceTree = "<group>"; };
		05D242532D6F576000E1D5FC /* TerminalKit.framework */ = {isa = PBXFileReference; explicitFileType = wrapper.framework; includeInIndex = 0; path = TerminalKit.framework; sourceTree = BUILT_PRODUCTS_DIR; };
		05D242652D6F57D600E1D5FC /* TerminalKit.framework */ = {isa = PBXFileReference; explicitFileType = wrapper.framework; includeInIndex = 0; path = TerminalKit.framework; sourceTree = BUILT_PRODUCTS_DIR; };
		05DF74702D6F5882000EB93D /* TMEscapeCode.swift */ = {isa = PBXFileReference; lastKnownFileType = sourcecode.swift; path = TMEscapeCode.swift; sourceTree = "<group>"; };
		05DF74A32D6F5CC3000EB93D /* MultiUIKit.xcframework */ = {isa = PBXFileReference; lastKnownFileType = wrapper.xcframework; name = MultiUIKit.xcframework; path = ../../../Library/Frameworks/MultiUIKit.xcframework; sourceTree = "<group>"; };
		05DF74A42D6F5CC3000EB93D /* MultiDataKit.xcframework */ = {isa = PBXFileReference; lastKnownFileType = wrapper.xcframework; name = MultiDataKit.xcframework; path = ../../../Library/Frameworks/MultiDataKit.xcframework; sourceTree = "<group>"; };
/* End PBXFileReference section */

/* Begin PBXFileSystemSynchronizedBuildFileExceptionSet section */
		05D2425A2D6F576000E1D5FC /* Exceptions for "TerminalKit_macOS" folder in "TerminalKit_macOS" target */ = {
			isa = PBXFileSystemSynchronizedBuildFileExceptionSet;
			publicHeaders = (
				TerminalKit.h,
			);
			target = 05D242522D6F576000E1D5FC /* TerminalKit_macOS */;
		};
		05D2426B2D6F57D600E1D5FC /* Exceptions for "TerminalKit_iOS" folder in "TerminalKit_iOS" target */ = {
			isa = PBXFileSystemSynchronizedBuildFileExceptionSet;
			publicHeaders = (
				TerminalKit_iOS.h,
			);
			target = 05D242642D6F57D600E1D5FC /* TerminalKit_iOS */;
		};
/* End PBXFileSystemSynchronizedBuildFileExceptionSet section */

/* Begin PBXFileSystemSynchronizedRootGroup section */
		0511801E2D79EE90005B867B /* Terminal_macOS */ = {
			isa = PBXFileSystemSynchronizedRootGroup;
			path = Terminal_macOS;
			sourceTree = "<group>";
		};
		05D242552D6F576000E1D5FC /* TerminalKit_macOS */ = {
			isa = PBXFileSystemSynchronizedRootGroup;
			exceptions = (
				05D2425A2D6F576000E1D5FC /* Exceptions for "TerminalKit_macOS" folder in "TerminalKit_macOS" target */,
			);
			path = TerminalKit_macOS;
			sourceTree = "<group>";
		};
		05D242662D6F57D600E1D5FC /* TerminalKit_iOS */ = {
			isa = PBXFileSystemSynchronizedRootGroup;
			exceptions = (
				05D2426B2D6F57D600E1D5FC /* Exceptions for "TerminalKit_iOS" folder in "TerminalKit_iOS" target */,
			);
			path = TerminalKit_iOS;
			sourceTree = "<group>";
		};
/* End PBXFileSystemSynchronizedRootGroup section */

/* Begin PBXFrameworksBuildPhase section */
		0511801A2D79EE90005B867B /* Frameworks */ = {
			isa = PBXFrameworksBuildPhase;
			buildActionMask = 2147483647;
			files = (
				051180352D79F083005B867B /* TerminalKit.xcframework in Frameworks */,
				051180312D79F082005B867B /* MultiUIKit.xcframework in Frameworks */,
				0511802F2D79F082005B867B /* MultiDataKit.xcframework in Frameworks */,
			);
			runOnlyForDeploymentPostprocessing = 0;
		};
		05D242502D6F576000E1D5FC /* Frameworks */ = {
			isa = PBXFrameworksBuildPhase;
			buildActionMask = 2147483647;
			files = (
				05DF74A72D6F5CC3000EB93D /* MultiDataKit.xcframework in Frameworks */,
				05DF74A52D6F5CC3000EB93D /* MultiUIKit.xcframework in Frameworks */,
			);
			runOnlyForDeploymentPostprocessing = 0;
		};
		05D242622D6F57D600E1D5FC /* Frameworks */ = {
			isa = PBXFrameworksBuildPhase;
			buildActionMask = 2147483647;
			files = (
				05DF74AC2D6F5CE5000EB93D /* MultiUIKit.xcframework in Frameworks */,
				05DF74AA2D6F5CE5000EB93D /* MultiDataKit.xcframework in Frameworks */,
			);
			runOnlyForDeploymentPostprocessing = 0;
		};
/* End PBXFrameworksBuildPhase section */

/* Begin PBXGroup section */
		0511802E2D79EEC4005B867B /* Tests */ = {
			isa = PBXGroup;
			children = (
				0511801E2D79EE90005B867B /* Terminal_macOS */,
			);
			name = Tests;
			path = ../Tests;
			sourceTree = "<group>";
		};
		05D242492D6F576000E1D5FC = {
			isa = PBXGroup;
			children = (
				05D242552D6F576000E1D5FC /* TerminalKit_macOS */,
				05D242662D6F57D600E1D5FC /* TerminalKit_iOS */,
				05DF746F2D6F5846000EB93D /* Source */,
				0511802E2D79EEC4005B867B /* Tests */,
				05DF74A22D6F5CC3000EB93D /* Frameworks */,
				05D242542D6F576000E1D5FC /* Products */,
			);
			sourceTree = "<group>";
		};
		05D242542D6F576000E1D5FC /* Products */ = {
			isa = PBXGroup;
			children = (
				05D242532D6F576000E1D5FC /* TerminalKit.framework */,
				05D242652D6F57D600E1D5FC /* TerminalKit.framework */,
				0511801D2D79EE90005B867B /* Terminal_macOS.app */,
			);
			name = Products;
			sourceTree = "<group>";
		};
		05DF746F2D6F5846000EB93D /* Source */ = {
			isa = PBXGroup;
			children = (
				05DF74702D6F5882000EB93D /* TMEscapeCode.swift */,
				051180132D76A971005B867B /* TMTerminalView.swift */,
				051180162D76AA88005B867B /* TMTerminalStorage.swift */,
			);
			name = Source;
			path = ../Source;
			sourceTree = "<group>";
		};
		05DF74A22D6F5CC3000EB93D /* Frameworks */ = {
			isa = PBXGroup;
			children = (
				051180342D79F083005B867B /* TerminalKit.xcframework */,
				05DF74A42D6F5CC3000EB93D /* MultiDataKit.xcframework */,
				05DF74A32D6F5CC3000EB93D /* MultiUIKit.xcframework */,
			);
			name = Frameworks;
			sourceTree = "<group>";
		};
/* End PBXGroup section */

/* Begin PBXHeadersBuildPhase section */
		05D2424E2D6F576000E1D5FC /* Headers */ = {
			isa = PBXHeadersBuildPhase;
			buildActionMask = 2147483647;
			files = (
			);
			runOnlyForDeploymentPostprocessing = 0;
		};
		05D242602D6F57D600E1D5FC /* Headers */ = {
			isa = PBXHeadersBuildPhase;
			buildActionMask = 2147483647;
			files = (
			);
			runOnlyForDeploymentPostprocessing = 0;
		};
/* End PBXHeadersBuildPhase section */

/* Begin PBXLegacyTarget section */
		05DF74B32D6F5D60000EB93D /* Install */ = {
			isa = PBXLegacyTarget;
			buildArgumentsString = "-f ../Script/install.mk";
			buildConfigurationList = 05DF74B42D6F5D60000EB93D /* Build configuration list for PBXLegacyTarget "Install" */;
			buildPhases = (
			);
			buildToolPath = /usr/bin/make;
			buildWorkingDirectory = "";
			dependencies = (
			);
			name = Install;
			packageProductDependencies = (
			);
			passBuildSettingsInEnvironment = 1;
			productName = Install;
		};
/* End PBXLegacyTarget section */

/* Begin PBXNativeTarget section */
		0511801C2D79EE90005B867B /* Terminal_macOS */ = {
			isa = PBXNativeTarget;
			buildConfigurationList = 051180292D79EE93005B867B /* Build configuration list for PBXNativeTarget "Terminal_macOS" */;
			buildPhases = (
				051180192D79EE90005B867B /* Sources */,
				0511801A2D79EE90005B867B /* Frameworks */,
				0511801B2D79EE90005B867B /* Resources */,
			);
			buildRules = (
			);
			dependencies = (
				0511802D2D79EEA0005B867B /* PBXTargetDependency */,
			);
			fileSystemSynchronizedGroups = (
				0511801E2D79EE90005B867B /* Terminal_macOS */,
			);
			name = Terminal_macOS;
			packageProductDependencies = (
			);
			productName = Terminal_macOS;
			productReference = 0511801D2D79EE90005B867B /* Terminal_macOS.app */;
			productType = "com.apple.product-type.application";
		};
		05D242522D6F576000E1D5FC /* TerminalKit_macOS */ = {
			isa = PBXNativeTarget;
			buildConfigurationList = 05D2425B2D6F576000E1D5FC /* Build configuration list for PBXNativeTarget "TerminalKit_macOS" */;
			buildPhases = (
				05D2424E2D6F576000E1D5FC /* Headers */,
				05D2424F2D6F576000E1D5FC /* Sources */,
				05D242502D6F576000E1D5FC /* Frameworks */,
				05D242512D6F576000E1D5FC /* Resources */,
			);
			buildRules = (
			);
			dependencies = (
			);
			fileSystemSynchronizedGroups = (
				05D242552D6F576000E1D5FC /* TerminalKit_macOS */,
			);
			name = TerminalKit_macOS;
			packageProductDependencies = (
			);
			productName = TerminalKit;
			productReference = 05D242532D6F576000E1D5FC /* TerminalKit.framework */;
			productType = "com.apple.product-type.framework";
		};
		05D242642D6F57D600E1D5FC /* TerminalKit_iOS */ = {
			isa = PBXNativeTarget;
			buildConfigurationList = 05D2426C2D6F57D600E1D5FC /* Build configuration list for PBXNativeTarget "TerminalKit_iOS" */;
			buildPhases = (
				05D242602D6F57D600E1D5FC /* Headers */,
				05D242612D6F57D600E1D5FC /* Sources */,
				05D242622D6F57D600E1D5FC /* Frameworks */,
				05D242632D6F57D600E1D5FC /* Resources */,
				05DF74AE2D6F5CE5000EB93D /* Embed Frameworks */,
			);
			buildRules = (
			);
			dependencies = (
			);
			fileSystemSynchronizedGroups = (
				05D242662D6F57D600E1D5FC /* TerminalKit_iOS */,
			);
			name = TerminalKit_iOS;
			packageProductDependencies = (
			);
			productName = TerminalKit_iOS;
			productReference = 05D242652D6F57D600E1D5FC /* TerminalKit.framework */;
			productType = "com.apple.product-type.framework";
		};
/* End PBXNativeTarget section */

/* Begin PBXProject section */
		05D2424A2D6F576000E1D5FC /* Project object */ = {
			isa = PBXProject;
			attributes = {
				BuildIndependentTargetsInParallel = 1;
				KnownAssetTags = (
					New,
				);
				LastSwiftUpdateCheck = 1620;
				LastUpgradeCheck = 1620;
				TargetAttributes = {
					0511801C2D79EE90005B867B = {
						CreatedOnToolsVersion = 16.2;
					};
					05D242522D6F576000E1D5FC = {
						CreatedOnToolsVersion = 16.2;
					};
					05D242642D6F57D600E1D5FC = {
						CreatedOnToolsVersion = 16.2;
					};
					05DF74B32D6F5D60000EB93D = {
						CreatedOnToolsVersion = 16.2;
					};
				};
			};
			buildConfigurationList = 05D2424D2D6F576000E1D5FC /* Build configuration list for PBXProject "TerminalKit" */;
			developmentRegion = en;
			hasScannedForEncodings = 0;
			knownRegions = (
				en,
				Base,
			);
			mainGroup = 05D242492D6F576000E1D5FC;
			minimizedProjectReferenceProxies = 1;
			preferredProjectObjectVersion = 77;
			productRefGroup = 05D242542D6F576000E1D5FC /* Products */;
			projectDirPath = "";
			projectRoot = "";
			targets = (
				05D242522D6F576000E1D5FC /* TerminalKit_macOS */,
				05D242642D6F57D600E1D5FC /* TerminalKit_iOS */,
				05DF74B32D6F5D60000EB93D /* Install */,
				0511801C2D79EE90005B867B /* Terminal_macOS */,
			);
		};
/* End PBXProject section */

/* Begin PBXResourcesBuildPhase section */
		0511801B2D79EE90005B867B /* Resources */ = {
			isa = PBXResourcesBuildPhase;
			buildActionMask = 2147483647;
			files = (
			);
			runOnlyForDeploymentPostprocessing = 0;
		};
		05D242512D6F576000E1D5FC /* Resources */ = {
			isa = PBXResourcesBuildPhase;
			buildActionMask = 2147483647;
			files = (
			);
			runOnlyForDeploymentPostprocessing = 0;
		};
		05D242632D6F57D600E1D5FC /* Resources */ = {
			isa = PBXResourcesBuildPhase;
			buildActionMask = 2147483647;
			files = (
			);
			runOnlyForDeploymentPostprocessing = 0;
		};
/* End PBXResourcesBuildPhase section */

/* Begin PBXSourcesBuildPhase section */
		051180192D79EE90005B867B /* Sources */ = {
			isa = PBXSourcesBuildPhase;
			buildActionMask = 2147483647;
			files = (
			);
			runOnlyForDeploymentPostprocessing = 0;
		};
		05D2424F2D6F576000E1D5FC /* Sources */ = {
			isa = PBXSourcesBuildPhase;
			buildActionMask = 2147483647;
			files = (
				051180172D76AA88005B867B /* TMTerminalStorage.swift in Sources */,
				05DF74712D6F5882000EB93D /* TMEscapeCode.swift in Sources */,
				051180152D76A971005B867B /* TMTerminalView.swift in Sources */,
			);
			runOnlyForDeploymentPostprocessing = 0;
		};
		05D242612D6F57D600E1D5FC /* Sources */ = {
			isa = PBXSourcesBuildPhase;
			buildActionMask = 2147483647;
			files = (
				051180182D76AA88005B867B /* TMTerminalStorage.swift in Sources */,
				05DF74722D6F5882000EB93D /* TMEscapeCode.swift in Sources */,
				051180142D76A971005B867B /* TMTerminalView.swift in Sources */,
			);
			runOnlyForDeploymentPostprocessing = 0;
		};
/* End PBXSourcesBuildPhase section */

/* Begin PBXTargetDependency section */
		0511802D2D79EEA0005B867B /* PBXTargetDependency */ = {
			isa = PBXTargetDependency;
			target = 05DF74B32D6F5D60000EB93D /* Install */;
			targetProxy = 0511802C2D79EEA0005B867B /* PBXContainerItemProxy */;
		};
/* End PBXTargetDependency section */

/* Begin XCBuildConfiguration section */
		0511802A2D79EE93005B867B /* Debug */ = {
			isa = XCBuildConfiguration;
			buildSettings = {
				ASSETCATALOG_COMPILER_APPICON_NAME = AppIcon;
				ASSETCATALOG_COMPILER_GLOBAL_ACCENT_COLOR_NAME = AccentColor;
				CODE_SIGN_ENTITLEMENTS = ../Tests/Terminal_macOS/Terminal_macOS.entitlements;
				CODE_SIGN_STYLE = Automatic;
				COMBINE_HIDPI_IMAGES = YES;
				CURRENT_PROJECT_VERSION = 1;
				DEVELOPMENT_TEAM = TR2DNF3P93;
				ENABLE_HARDENED_RUNTIME = YES;
				GENERATE_INFOPLIST_FILE = YES;
				INFOPLIST_KEY_NSHumanReadableCopyright = "";
				INFOPLIST_KEY_NSMainStoryboardFile = Main;
				INFOPLIST_KEY_NSPrincipalClass = NSApplication;
				LD_RUNPATH_SEARCH_PATHS = (
					"$(inherited)",
					"$(HOME)/Library/Frameworks",
					"@executable_path/Frameworks",
				);
				MARKETING_VERSION = 1.0;
				PRODUCT_BUNDLE_IDENTIFIER = "com.github.steel-wheels.TerminalKit.Terminal-macOS";
				PRODUCT_NAME = "$(TARGET_NAME)";
				SWIFT_EMIT_LOC_STRINGS = YES;
				SWIFT_VERSION = 6.0;
			};
			name = Debug;
		};
		0511802B2D79EE93005B867B /* Release */ = {
			isa = XCBuildConfiguration;
			buildSettings = {
				ASSETCATALOG_COMPILER_APPICON_NAME = AppIcon;
				ASSETCATALOG_COMPILER_GLOBAL_ACCENT_COLOR_NAME = AccentColor;
				CODE_SIGN_ENTITLEMENTS = ../Tests/Terminal_macOS/Terminal_macOS.entitlements;
				CODE_SIGN_STYLE = Automatic;
				COMBINE_HIDPI_IMAGES = YES;
				CURRENT_PROJECT_VERSION = 1;
				DEVELOPMENT_TEAM = TR2DNF3P93;
				ENABLE_HARDENED_RUNTIME = YES;
				GENERATE_INFOPLIST_FILE = YES;
				INFOPLIST_KEY_NSHumanReadableCopyright = "";
				INFOPLIST_KEY_NSMainStoryboardFile = Main;
				INFOPLIST_KEY_NSPrincipalClass = NSApplication;
				LD_RUNPATH_SEARCH_PATHS = (
					"$(inherited)",
					"$(HOME)/Library/Frameworks",
					"@executable_path/Frameworks",
				);
				MARKETING_VERSION = 1.0;
				PRODUCT_BUNDLE_IDENTIFIER = "com.github.steel-wheels.TerminalKit.Terminal-macOS";
				PRODUCT_NAME = "$(TARGET_NAME)";
				SWIFT_EMIT_LOC_STRINGS = YES;
				SWIFT_VERSION = 6.0;
			};
			name = Release;
		};
		05D2425C2D6F576000E1D5FC /* Debug */ = {
			isa = XCBuildConfiguration;
			buildSettings = {
				BUILD_LIBRARY_FOR_DISTRIBUTION = YES;
				CODE_SIGN_STYLE = Automatic;
				COMBINE_HIDPI_IMAGES = YES;
				CURRENT_PROJECT_VERSION = 1;
				DEFINES_MODULE = YES;
				DEVELOPMENT_TEAM = TR2DNF3P93;
				DYLIB_COMPATIBILITY_VERSION = 1;
				DYLIB_CURRENT_VERSION = 1;
				DYLIB_INSTALL_NAME_BASE = "@rpath";
				ENABLE_MODULE_VERIFIER = YES;
				GENERATE_INFOPLIST_FILE = YES;
				INFOPLIST_KEY_NSHumanReadableCopyright = "";
				INSTALL_PATH = "$(HOME)/Frameworks";
				LD_RUNPATH_SEARCH_PATHS = (
					"$(inherited)",
					"@executable_path/../Frameworks",
					"@loader_path/Frameworks",
				);
				MARKETING_VERSION = 1.0;
				MODULE_VERIFIER_SUPPORTED_LANGUAGES = "objective-c objective-c++";
				MODULE_VERIFIER_SUPPORTED_LANGUAGE_STANDARDS = "gnu17 gnu++20";
				PRODUCT_BUNDLE_IDENTIFIER = "com.github.steel-wheels.TerminalKit.macOS.TerminalKit";
				PRODUCT_NAME = TerminalKit;
				SKIP_INSTALL = YES;
				SWIFT_EMIT_LOC_STRINGS = YES;
				SWIFT_INSTALL_OBJC_HEADER = NO;
				SWIFT_VERSION = 5.0;
			};
			name = Debug;
		};
		05D2425D2D6F576000E1D5FC /* Release */ = {
			isa = XCBuildConfiguration;
			buildSettings = {
				BUILD_LIBRARY_FOR_DISTRIBUTION = YES;
				CODE_SIGN_STYLE = Automatic;
				COMBINE_HIDPI_IMAGES = YES;
				CURRENT_PROJECT_VERSION = 1;
				DEFINES_MODULE = YES;
				DEVELOPMENT_TEAM = TR2DNF3P93;
				DYLIB_COMPATIBILITY_VERSION = 1;
				DYLIB_CURRENT_VERSION = 1;
				DYLIB_INSTALL_NAME_BASE = "@rpath";
				ENABLE_MODULE_VERIFIER = YES;
				GENERATE_INFOPLIST_FILE = YES;
				INFOPLIST_KEY_NSHumanReadableCopyright = "";
				INSTALL_PATH = "$(HOME)/Frameworks";
				LD_RUNPATH_SEARCH_PATHS = (
					"$(inherited)",
					"@executable_path/../Frameworks",
					"@loader_path/Frameworks",
				);
				MARKETING_VERSION = 1.0;
				MODULE_VERIFIER_SUPPORTED_LANGUAGES = "objective-c objective-c++";
				MODULE_VERIFIER_SUPPORTED_LANGUAGE_STANDARDS = "gnu17 gnu++20";
				PRODUCT_BUNDLE_IDENTIFIER = "com.github.steel-wheels.TerminalKit.macOS.TerminalKit";
				PRODUCT_NAME = TerminalKit;
				SKIP_INSTALL = YES;
				SWIFT_EMIT_LOC_STRINGS = YES;
				SWIFT_INSTALL_OBJC_HEADER = NO;
				SWIFT_VERSION = 5.0;
			};
			name = Release;
		};
		05D2425E2D6F576000E1D5FC /* Debug */ = {
			isa = XCBuildConfiguration;
			buildSettings = {
				ALWAYS_SEARCH_USER_PATHS = NO;
				ASSETCATALOG_COMPILER_GENERATE_SWIFT_ASSET_SYMBOL_EXTENSIONS = YES;
				CLANG_ANALYZER_NONNULL = YES;
				CLANG_ANALYZER_NUMBER_OBJECT_CONVERSION = YES_AGGRESSIVE;
				CLANG_CXX_LANGUAGE_STANDARD = "gnu++20";
				CLANG_ENABLE_MODULES = YES;
				CLANG_ENABLE_OBJC_ARC = YES;
				CLANG_ENABLE_OBJC_WEAK = YES;
				CLANG_WARN_BLOCK_CAPTURE_AUTORELEASING = YES;
				CLANG_WARN_BOOL_CONVERSION = YES;
				CLANG_WARN_COMMA = YES;
				CLANG_WARN_CONSTANT_CONVERSION = YES;
				CLANG_WARN_DEPRECATED_OBJC_IMPLEMENTATIONS = YES;
				CLANG_WARN_DIRECT_OBJC_ISA_USAGE = YES_ERROR;
				CLANG_WARN_DOCUMENTATION_COMMENTS = YES;
				CLANG_WARN_EMPTY_BODY = YES;
				CLANG_WARN_ENUM_CONVERSION = YES;
				CLANG_WARN_INFINITE_RECURSION = YES;
				CLANG_WARN_INT_CONVERSION = YES;
				CLANG_WARN_NON_LITERAL_NULL_CONVERSION = YES;
				CLANG_WARN_OBJC_IMPLICIT_RETAIN_SELF = YES;
				CLANG_WARN_OBJC_LITERAL_CONVERSION = YES;
				CLANG_WARN_OBJC_ROOT_CLASS = YES_ERROR;
				CLANG_WARN_QUOTED_INCLUDE_IN_FRAMEWORK_HEADER = YES;
				CLANG_WARN_RANGE_LOOP_ANALYSIS = YES;
				CLANG_WARN_STRICT_PROTOTYPES = YES;
				CLANG_WARN_SUSPICIOUS_MOVE = YES;
				CLANG_WARN_UNGUARDED_AVAILABILITY = YES_AGGRESSIVE;
				CLANG_WARN_UNREACHABLE_CODE = YES;
				CLANG_WARN__DUPLICATE_METHOD_MATCH = YES;
				COPY_PHASE_STRIP = NO;
				CURRENT_PROJECT_VERSION = 1;
				DEBUG_INFORMATION_FORMAT = dwarf;
				ENABLE_STRICT_OBJC_MSGSEND = YES;
				ENABLE_TESTABILITY = YES;
				ENABLE_USER_SCRIPT_SANDBOXING = YES;
				GCC_C_LANGUAGE_STANDARD = gnu17;
				GCC_DYNAMIC_NO_PIC = NO;
				GCC_NO_COMMON_BLOCKS = YES;
				GCC_OPTIMIZATION_LEVEL = 0;
				GCC_PREPROCESSOR_DEFINITIONS = (
					"DEBUG=1",
					"$(inherited)",
				);
				GCC_WARN_64_TO_32_BIT_CONVERSION = YES;
				GCC_WARN_ABOUT_RETURN_TYPE = YES_ERROR;
				GCC_WARN_UNDECLARED_SELECTOR = YES;
				GCC_WARN_UNINITIALIZED_AUTOS = YES_AGGRESSIVE;
				GCC_WARN_UNUSED_FUNCTION = YES;
				GCC_WARN_UNUSED_VARIABLE = YES;
				LOCALIZATION_PREFERS_STRING_CATALOGS = YES;
				MACOSX_DEPLOYMENT_TARGET = 15.2;
				MTL_ENABLE_DEBUG_INFO = INCLUDE_SOURCE;
				MTL_FAST_MATH = YES;
				ONLY_ACTIVE_ARCH = YES;
				SDKROOT = macosx;
				SWIFT_ACTIVE_COMPILATION_CONDITIONS = "DEBUG $(inherited)";
				SWIFT_OPTIMIZATION_LEVEL = "-Onone";
				VERSIONING_SYSTEM = "apple-generic";
				VERSION_INFO_PREFIX = "";
			};
			name = Debug;
		};
		05D2425F2D6F576000E1D5FC /* Release */ = {
			isa = XCBuildConfiguration;
			buildSettings = {
				ALWAYS_SEARCH_USER_PATHS = NO;
				ASSETCATALOG_COMPILER_GENERATE_SWIFT_ASSET_SYMBOL_EXTENSIONS = YES;
				CLANG_ANALYZER_NONNULL = YES;
				CLANG_ANALYZER_NUMBER_OBJECT_CONVERSION = YES_AGGRESSIVE;
				CLANG_CXX_LANGUAGE_STANDARD = "gnu++20";
				CLANG_ENABLE_MODULES = YES;
				CLANG_ENABLE_OBJC_ARC = YES;
				CLANG_ENABLE_OBJC_WEAK = YES;
				CLANG_WARN_BLOCK_CAPTURE_AUTORELEASING = YES;
				CLANG_WARN_BOOL_CONVERSION = YES;
				CLANG_WARN_COMMA = YES;
				CLANG_WARN_CONSTANT_CONVERSION = YES;
				CLANG_WARN_DEPRECATED_OBJC_IMPLEMENTATIONS = YES;
				CLANG_WARN_DIRECT_OBJC_ISA_USAGE = YES_ERROR;
				CLANG_WARN_DOCUMENTATION_COMMENTS = YES;
				CLANG_WARN_EMPTY_BODY = YES;
				CLANG_WARN_ENUM_CONVERSION = YES;
				CLANG_WARN_INFINITE_RECURSION = YES;
				CLANG_WARN_INT_CONVERSION = YES;
				CLANG_WARN_NON_LITERAL_NULL_CONVERSION = YES;
				CLANG_WARN_OBJC_IMPLICIT_RETAIN_SELF = YES;
				CLANG_WARN_OBJC_LITERAL_CONVERSION = YES;
				CLANG_WARN_OBJC_ROOT_CLASS = YES_ERROR;
				CLANG_WARN_QUOTED_INCLUDE_IN_FRAMEWORK_HEADER = YES;
				CLANG_WARN_RANGE_LOOP_ANALYSIS = YES;
				CLANG_WARN_STRICT_PROTOTYPES = YES;
				CLANG_WARN_SUSPICIOUS_MOVE = YES;
				CLANG_WARN_UNGUARDED_AVAILABILITY = YES_AGGRESSIVE;
				CLANG_WARN_UNREACHABLE_CODE = YES;
				CLANG_WARN__DUPLICATE_METHOD_MATCH = YES;
				COPY_PHASE_STRIP = NO;
				CURRENT_PROJECT_VERSION = 1;
				DEBUG_INFORMATION_FORMAT = "dwarf-with-dsym";
				ENABLE_NS_ASSERTIONS = NO;
				ENABLE_STRICT_OBJC_MSGSEND = YES;
				ENABLE_USER_SCRIPT_SANDBOXING = YES;
				GCC_C_LANGUAGE_STANDARD = gnu17;
				GCC_NO_COMMON_BLOCKS = YES;
				GCC_WARN_64_TO_32_BIT_CONVERSION = YES;
				GCC_WARN_ABOUT_RETURN_TYPE = YES_ERROR;
				GCC_WARN_UNDECLARED_SELECTOR = YES;
				GCC_WARN_UNINITIALIZED_AUTOS = YES_AGGRESSIVE;
				GCC_WARN_UNUSED_FUNCTION = YES;
				GCC_WARN_UNUSED_VARIABLE = YES;
				LOCALIZATION_PREFERS_STRING_CATALOGS = YES;
				MACOSX_DEPLOYMENT_TARGET = 15.2;
				MTL_ENABLE_DEBUG_INFO = NO;
				MTL_FAST_MATH = YES;
				SDKROOT = macosx;
				SWIFT_COMPILATION_MODE = wholemodule;
				VERSIONING_SYSTEM = "apple-generic";
				VERSION_INFO_PREFIX = "";
			};
			name = Release;
		};
		05D2426D2D6F57D600E1D5FC /* Debug */ = {
			isa = XCBuildConfiguration;
			buildSettings = {
				BUILD_LIBRARY_FOR_DISTRIBUTION = YES;
				CODE_SIGN_STYLE = Automatic;
				CURRENT_PROJECT_VERSION = 1;
				DEFINES_MODULE = YES;
				DEVELOPMENT_TEAM = TR2DNF3P93;
				DYLIB_COMPATIBILITY_VERSION = 1;
				DYLIB_CURRENT_VERSION = 1;
				DYLIB_INSTALL_NAME_BASE = "@rpath";
				ENABLE_MODULE_VERIFIER = YES;
				GENERATE_INFOPLIST_FILE = YES;
				INFOPLIST_KEY_NSHumanReadableCopyright = "";
				INSTALL_PATH = "$(HOME)//Library/Frameworks";
				IPHONEOS_DEPLOYMENT_TARGET = 18.2;
				LD_RUNPATH_SEARCH_PATHS = (
					"$(inherited)",
					"@executable_path/Frameworks",
					"@loader_path/Frameworks",
				);
				MARKETING_VERSION = 1.0;
				MODULE_VERIFIER_SUPPORTED_LANGUAGES = "objective-c objective-c++";
				MODULE_VERIFIER_SUPPORTED_LANGUAGE_STANDARDS = "gnu17 gnu++20";
				PRODUCT_BUNDLE_IDENTIFIER = "com.github.steel-wheels.TerminalKit.iOS.TerminalKit-iOS";
				PRODUCT_NAME = TerminalKit;
				SDKROOT = iphoneos;
				SKIP_INSTALL = YES;
				SUPPORTED_PLATFORMS = "iphoneos iphonesimulator";
				SUPPORTS_MACCATALYST = NO;
				SUPPORTS_MAC_DESIGNED_FOR_IPHONE_IPAD = NO;
				SWIFT_EMIT_LOC_STRINGS = YES;
				SWIFT_INSTALL_OBJC_HEADER = NO;
				SWIFT_VERSION = 5.0;
				TARGETED_DEVICE_FAMILY = "1,2";
			};
			name = Debug;
		};
		05D2426E2D6F57D600E1D5FC /* Release */ = {
			isa = XCBuildConfiguration;
			buildSettings = {
				BUILD_LIBRARY_FOR_DISTRIBUTION = YES;
				CODE_SIGN_STYLE = Automatic;
				CURRENT_PROJECT_VERSION = 1;
				DEFINES_MODULE = YES;
				DEVELOPMENT_TEAM = TR2DNF3P93;
				DYLIB_COMPATIBILITY_VERSION = 1;
				DYLIB_CURRENT_VERSION = 1;
				DYLIB_INSTALL_NAME_BASE = "@rpath";
				ENABLE_MODULE_VERIFIER = YES;
				GENERATE_INFOPLIST_FILE = YES;
				INFOPLIST_KEY_NSHumanReadableCopyright = "";
				INSTALL_PATH = "$(HOME)//Library/Frameworks";
				IPHONEOS_DEPLOYMENT_TARGET = 18.2;
				LD_RUNPATH_SEARCH_PATHS = (
					"$(inherited)",
					"@executable_path/Frameworks",
					"@loader_path/Frameworks",
				);
				MARKETING_VERSION = 1.0;
				MODULE_VERIFIER_SUPPORTED_LANGUAGES = "objective-c objective-c++";
				MODULE_VERIFIER_SUPPORTED_LANGUAGE_STANDARDS = "gnu17 gnu++20";
				PRODUCT_BUNDLE_IDENTIFIER = "com.github.steel-wheels.TerminalKit.iOS.TerminalKit-iOS";
				PRODUCT_NAME = TerminalKit;
				SDKROOT = iphoneos;
				SKIP_INSTALL = YES;
				SUPPORTED_PLATFORMS = "iphoneos iphonesimulator";
				SUPPORTS_MACCATALYST = NO;
				SUPPORTS_MAC_DESIGNED_FOR_IPHONE_IPAD = NO;
				SWIFT_EMIT_LOC_STRINGS = YES;
				SWIFT_INSTALL_OBJC_HEADER = NO;
				SWIFT_VERSION = 5.0;
				TARGETED_DEVICE_FAMILY = "1,2";
				VALIDATE_PRODUCT = YES;
			};
			name = Release;
		};
		05DF74B52D6F5D60000EB93D /* Debug */ = {
			isa = XCBuildConfiguration;
			buildSettings = {
				CODE_SIGN_STYLE = Automatic;
				DEBUGGING_SYMBOLS = YES;
				DEBUG_INFORMATION_FORMAT = dwarf;
				DEVELOPMENT_TEAM = TR2DNF3P93;
				GCC_GENERATE_DEBUGGING_SYMBOLS = YES;
				GCC_OPTIMIZATION_LEVEL = 0;
				OTHER_CFLAGS = "";
				OTHER_LDFLAGS = "";
				PRODUCT_NAME = "$(TARGET_NAME)";
			};
			name = Debug;
		};
		05DF74B62D6F5D60000EB93D /* Release */ = {
			isa = XCBuildConfiguration;
			buildSettings = {
				CODE_SIGN_STYLE = Automatic;
				DEBUG_INFORMATION_FORMAT = "dwarf-with-dsym";
				DEVELOPMENT_TEAM = TR2DNF3P93;
				OTHER_CFLAGS = "";
				OTHER_LDFLAGS = "";
				PRODUCT_NAME = "$(TARGET_NAME)";
			};
			name = Release;
		};
/* End XCBuildConfiguration section */

/* Begin XCConfigurationList section */
		051180292D79EE93005B867B /* Build configuration list for PBXNativeTarget "Terminal_macOS" */ = {
			isa = XCConfigurationList;
			buildConfigurations = (
				0511802A2D79EE93005B867B /* Debug */,
				0511802B2D79EE93005B867B /* Release */,
			);
			defaultConfigurationIsVisible = 0;
			defaultConfigurationName = Release;
		};
		05D2424D2D6F576000E1D5FC /* Build configuration list for PBXProject "TerminalKit" */ = {
			isa = XCConfigurationList;
			buildConfigurations = (
				05D2425E2D6F576000E1D5FC /* Debug */,
				05D2425F2D6F576000E1D5FC /* Release */,
			);
			defaultConfigurationIsVisible = 0;
			defaultConfigurationName = Release;
		};
		05D2425B2D6F576000E1D5FC /* Build configuration list for PBXNativeTarget "TerminalKit_macOS" */ = {
			isa = XCConfigurationList;
			buildConfigurations = (
				05D2425C2D6F576000E1D5FC /* Debug */,
				05D2425D2D6F576000E1D5FC /* Release */,
			);
			defaultConfigurationIsVisible = 0;
			defaultConfigurationName = Release;
		};
		05D2426C2D6F57D600E1D5FC /* Build configuration list for PBXNativeTarget "TerminalKit_iOS" */ = {
			isa = XCConfigurationList;
			buildConfigurations = (
				05D2426D2D6F57D600E1D5FC /* Debug */,
				05D2426E2D6F57D600E1D5FC /* Release */,
			);
			defaultConfigurationIsVisible = 0;
			defaultConfigurationName = Release;
		};
		05DF74B42D6F5D60000EB93D /* Build configuration list for PBXLegacyTarget "Install" */ = {
			isa = XCConfigurationList;
			buildConfigurations = (
				05DF74B52D6F5D60000EB93D /* Debug */,
				05DF74B62D6F5D60000EB93D /* Release */,
			);
			defaultConfigurationIsVisible = 0;
			defaultConfigurationName = Release;
		};
/* End XCConfigurationList section */
	};
	rootObject = 05D2424A2D6F576000E1D5FC /* Project object */;
}
